
Microsoft Visual Studio Solution File, Format Version 11.00
# Visual Studio 2010
Project("{FAE04EC0-301F-11D3-BF4B-00C04F79EFBC}") = "TP1", "TP1\TP1.csproj", "{CC0BBF6C-91EE-4C2E-8C67-F443BA4204E3}"
EndProject
Project("{FAE04EC0-301F-11D3-BF4B-00C04F79EFBC}") = "ConsoleApplication", "ConsoleApplication\ConsoleApplication.csproj", "{506750AF-60BD-4B96-A8F3-DCC6D5034290}"
EndProject
Project("{FAE04EC0-301F-11D3-BF4B-00C04F79EFBC}") = "TP1.Test", "TP1.Test\TP1.Test.csproj", "{6FA45428-91F4-48A1-8C71-19D9E2D73E42}"
EndProject
Global
	GlobalSection(SolutionConfigurationPlatforms) = preSolution
		Debug|Any CPU = Debug|Any CPU
		Debug|Mixed Platforms = Debug|Mixed Platforms
		Debug|x86 = Debug|x86
		Release|Any CPU = Release|Any CPU
		Release|Mixed Platforms = Release|Mixed Platforms
		Release|x86 = Release|x86
	EndGlobalSection
	GlobalSection(ProjectConfigurationPlatforms) = postSolution
		{CC0BBF6C-91EE-4C2E-8C67-F443BA4204E3}.Debug|Any CPU.ActiveCfg = Debug|x86
		{CC0BBF6C-91EE-4C2E-8C67-F443BA4204E3}.Debug|Mixed Platforms.ActiveCfg = Debug|x86
		{CC0BBF6C-91EE-4C2E-8C67-F443BA4204E3}.Debug|Mixed Platforms.Build.0 = Debug|x86
		{CC0BBF6C-91EE-4C2E-8C67-F443BA4204E3}.Debug|x86.ActiveCfg = Debug|x86
		{CC0BBF6C-91EE-4C2E-8C67-F443BA4204E3}.Debug|x86.Build.0 = Debug|x86
		{CC0BBF6C-91EE-4C2E-8C67-F443BA4204E3}.Release|Any CPU.ActiveCfg = Release|x86
		{CC0BBF6C-91EE-4C2E-8C67-F443BA4204E3}.Release|Mixed Platforms.ActiveCfg = Release|x86
		{CC0BBF6C-91EE-4C2E-8C67-F443BA4204E3}.Release|Mixed Platforms.Build.0 = Release|x86
		{CC0BBF6C-91EE-4C2E-8C67-F443BA4204E3}.Release|x86.ActiveCfg = Release|x86
		{CC0BBF6C-91EE-4C2E-8C67-F443BA4204E3}.Release|x86.Build.0 = Release|x86
		{506750AF-60BD-4B96-A8F3-DCC6D5034290}.Debug|Any CPU.ActiveCfg = Debug|x86
		{506750AF-60BD-4B96-A8F3-DCC6D5034290}.Debug|Mixed Platforms.ActiveCfg = Debug|x86
		{506750AF-60BD-4B96-A8F3-DCC6D5034290}.Debug|Mixed Platforms.Build.0 = Debug|x86
		{506750AF-60BD-4B96-A8F3-DCC6D5034290}.Debug|x86.ActiveCfg = Debug|x86
		{506750AF-60BD-4B96-A8F3-DCC6D5034290}.Debug|x86.Build.0 = Debug|x86
		{506750AF-60BD-4B96-A8F3-DCC6D5034290}.Release|Any CPU.ActiveCfg = Release|x86
		{506750AF-60BD-4B96-A8F3-DCC6D5034290}.Release|Mixed Platforms.ActiveCfg = Release|x86
		{506750AF-60BD-4B96-A8F3-DCC6D5034290}.Release|Mixed Platforms.Build.0 = Release|x86
		{506750AF-60BD-4B96-A8F3-DCC6D5034290}.Release|x86.ActiveCfg = Release|x86
		{506750AF-60BD-4B96-A8F3-DCC6D5034290}.Release|x86.Build.0 = Release|x86
		{6FA45428-91F4-48A1-8C71-19D9E2D73E42}.Debug|Any CPU.ActiveCfg = Debug|Any CPU
		{6FA45428-91F4-48A1-8C71-19D9E2D73E42}.Debug|Any CPU.Build.0 = Debug|Any CPU
		{6FA45428-91F4-48A1-8C71-19D9E2D73E42}.Debug|Mixed Platforms.ActiveCfg = Debug|Any CPU
		{6FA45428-91F4-48A1-8C71-19D9E2D73E42}.Debug|Mixed Platforms.Build.0 = Debug|Any CPU
		{6FA45428-91F4-48A1-8C71-19D9E2D73E42}.Debug|x86.ActiveCfg = Debug|Any CPU
		{6FA45428-91F4-48A1-8C71-19D9E2D73E42}.Debug|x86.Build.0 = Debug|Any CPU
		{6FA45428-91F4-48A1-8C71-19D9E2D73E42}.Release|Any CPU.ActiveCfg = Release|Any CPU
		{6FA45428-91F4-48A1-8C71-19D9E2D73E42}.Release|Any CPU.Build.0 = Release|Any CPU
		{6FA45428-91F4-48A1-8C71-19D9E2D73E42}.Release|Mixed Platforms.ActiveCfg = Release|Any CPU
		{6FA45428-91F4-48A1-8C71-19D9E2D73E42}.Release|Mixed Platforms.Build.0 = Release|Any CPU
		{6FA45428-91F4-48A1-8C71-19D9E2D73E42}.Release|x86.ActiveCfg = Release|Any CPU
		{6FA45428-91F4-48A1-8C71-19D9E2D73E42}.Release|x86.Build.0 = Release|Any CPU
	EndGlobalSection
	GlobalSection(SolutionProperties) = preSolution
		HideSolutionNode = FALSE
	EndGlobalSection
	GlobalSection(MonoDevelopProperties) = preSolution
		StartupItem = ConsoleApplication\ConsoleApplication.csproj
	EndGlobalSection
EndGlobal
